
Microsoft Visual Studio Solution File, Format Version 12.00
# Visual Studio Version 16
VisualStudioVersion = 16.0.31402.337
MinimumVisualStudioVersion = 10.0.40219.1
Project("{FAE04EC0-301F-11D3-BF4B-00C04F79EFBC}") = "slownik_vol2", "slownik_vol2.csproj", "{D35EFA62-9710-49BE-9240-1F70053769BC}"
EndProject
Global
	GlobalSection(SolutionConfigurationPlatforms) = preSolution
		Debug|Any CPU = Debug|Any CPU
		Release|Any CPU = Release|Any CPU
	EndGlobalSection
	GlobalSection(ProjectConfigurationPlatforms) = postSolution
		{D35EFA62-9710-49BE-9240-1F70053769BC}.Debug|Any CPU.ActiveCfg = Debug|Any CPU
		{D35EFA62-9710-49BE-9240-1F70053769BC}.Debug|Any CPU.Build.0 = Debug|Any CPU
		{D35EFA62-9710-49BE-9240-1F70053769BC}.Release|Any CPU.ActiveCfg = Release|Any CPU
		{D35EFA62-9710-49BE-9240-1F70053769BC}.Release|Any CPU.Build.0 = Release|Any CPU
	EndGlobalSection
	GlobalSection(SolutionProperties) = preSolution
		HideSolutionNode = FALSE
	EndGlobalSection
	GlobalSection(ExtensibilityGlobals) = postSolution
		SolutionGuid = {AFE373A8-B64E-4DC1-A09F-84045315C741}
	EndGlobalSection
EndGlobal
